{
  "name": "capsite",
  "version": "0.1.0",
  "lockfileVersion": 1,
  "requires": true,
  "dependencies": {
    "@agoric/make-hardener": {
      "version": "0.0.4",
      "resolved": "https://registry.npmjs.org/@agoric/make-hardener/-/make-hardener-0.0.4.tgz",
      "integrity": "sha512-0k/wGkIVQO3IY7p/H/5OS3BIXsRK9Qb7nHnqyvj6hzvSyumwgPp8e4rz5QaVWSen43TGJl+zQn4mW9ZZShT1aw=="
    },
    "esm": {
      "version": "3.2.7",
      "resolved": "https://registry.npmjs.org/esm/-/esm-3.2.7.tgz",
      "integrity": "sha512-zsyD5gO8CY9dpK3IrdC4WHtvtHGXEFOpYA4zB+6p+Kygf3vv/6kF3YMEQLOArwKPPNvKt8gjI8UYhQW8bXM/YQ=="
    },
    "ses": {
      "version": "0.4.0",
      "resolved": "https://registry.npmjs.org/ses/-/ses-0.4.0.tgz",
      "integrity": "sha512-KSBq2o3Ba+rcmAI8DYJDokUHpHpxxT4GqpdfwORVYFeO0t14VbCExH0ty4XwpQdGdzYujA6KWSL15YLWOSYJ0A==",
      "requires": {
        "@agoric/make-hardener": "^0.0.4",
        "esm": "^3.2.5"
      }
    }
  }
}
